PODS:
  - Flutter (1.0.0)
  - flutter_lanka_clear_sdk (0.0.1):
    - Flutter

DEPENDENCIES:
  - Flutter (from `.symlinks/flutter/ios`)
  - flutter_lanka_clear_sdk (from `.symlinks/plugins/flutter_lanka_clear_sdk/ios`)

EXTERNAL SOURCES:
  Flutter:
    :path: ".symlinks/flutter/ios"
  flutter_lanka_clear_sdk:
    :path: ".symlinks/plugins/flutter_lanka_clear_sdk/ios"

SPEC CHECKSUMS:
  Flutter: 0e3d915762c693b495b44d77113d4970485de6ec
  flutter_lanka_clear_sdk: e129b64ef16b789b88a80dadbdca593193fd468c

PODFILE CHECKSUM: b6a0a141693093b304368d08511b46cf3d1d0ac5

COCOAPODS: 1.8.4
